
Microsoft Visual Studio Solution File, Format Version 12.00
# Visual Studio Version 17
VisualStudioVersion = 17.5.33424.131
MinimumVisualStudioVersion = 10.0.40219.1
Project("{FAE04EC0-301F-11D3-BF4B-00C04F79EFBC}") = "PathSum", "PathSum.csproj", "{4E6067AB-7708-4BF1-AC4C-DE4612852C64}"
EndProject
Global
	GlobalSection(SolutionConfigurationPlatforms) = preSolution
		Debug|Any CPU = Debug|Any CPU
		Release|Any CPU = Release|Any CPU
	EndGlobalSection
	GlobalSection(ProjectConfigurationPlatforms) = postSolution
		{4E6067AB-7708-4BF1-AC4C-DE4612852C64}.Debug|Any CPU.ActiveCfg = Debug|Any CPU
		{4E6067AB-7708-4BF1-AC4C-DE4612852C64}.Debug|Any CPU.Build.0 = Debug|Any CPU
		{4E6067AB-7708-4BF1-AC4C-DE4612852C64}.Release|Any CPU.ActiveCfg = Release|Any CPU
		{4E6067AB-7708-4BF1-AC4C-DE4612852C64}.Release|Any CPU.Build.0 = Release|Any CPU
	EndGlobalSection
	GlobalSection(SolutionProperties) = preSolution
		HideSolutionNode = FALSE
	EndGlobalSection
	GlobalSection(ExtensibilityGlobals) = postSolution
		SolutionGuid = {8F55F98D-0F76-41BA-A507-C93D4B2C5534}
	EndGlobalSection
EndGlobal
